
Microsoft Visual Studio Solution File, Format Version 12.00
# Visual Studio 2017
Project("{FAE04EC0-301F-11D3-BF4B-00C04F79EFBC}") = "ggjEvolve", "ggjEvolve.csproj", "{60B597B2-4357-3521-5B97-CF1F9A649DBB}"
EndProject
Global
	GlobalSection(SolutionConfigurationPlatforms) = preSolution
		Debug|Any CPU = Debug|Any CPU
		Release|Any CPU = Release|Any CPU
	EndGlobalSection
	GlobalSection(ProjectConfigurationPlatforms) = postSolution
		{60B597B2-4357-3521-5B97-CF1F9A649DBB}.Debug|Any CPU.ActiveCfg = Debug|Any CPU
		{60B597B2-4357-3521-5B97-CF1F9A649DBB}.Debug|Any CPU.Build.0 = Debug|Any CPU
		{60B597B2-4357-3521-5B97-CF1F9A649DBB}.Release|Any CPU.ActiveCfg = Release|Any CPU
		{60B597B2-4357-3521-5B97-CF1F9A649DBB}.Release|Any CPU.Build.0 = Release|Any CPU
	EndGlobalSection
	GlobalSection(SolutionProperties) = preSolution
		HideSolutionNode = FALSE
	EndGlobalSection
EndGlobal
